
Microsoft Visual Studio Solution File, Format Version 12.00
# Visual Studio Version 17
VisualStudioVersion = 17.5.33627.172
MinimumVisualStudioVersion = 10.0.40219.1
Project("{FAE04EC0-301F-11D3-BF4B-00C04F79EFBC}") = "SistemaInventario", "SistemaInventario\SistemaInventario.csproj", "{82BE0BE3-2565-4B42-8DAE-177FCBC0D2C6}"
EndProject
Global
	GlobalSection(SolutionConfigurationPlatforms) = preSolution
		Debug|Any CPU = Debug|Any CPU
		Release|Any CPU = Release|Any CPU
	EndGlobalSection
	GlobalSection(ProjectConfigurationPlatforms) = postSolution
		{82BE0BE3-2565-4B42-8DAE-177FCBC0D2C6}.Debug|Any CPU.ActiveCfg = Debug|Any CPU
		{82BE0BE3-2565-4B42-8DAE-177FCBC0D2C6}.Debug|Any CPU.Build.0 = Debug|Any CPU
		{82BE0BE3-2565-4B42-8DAE-177FCBC0D2C6}.Release|Any CPU.ActiveCfg = Release|Any CPU
		{82BE0BE3-2565-4B42-8DAE-177FCBC0D2C6}.Release|Any CPU.Build.0 = Release|Any CPU
	EndGlobalSection
	GlobalSection(SolutionProperties) = preSolution
		HideSolutionNode = FALSE
	EndGlobalSection
	GlobalSection(ExtensibilityGlobals) = postSolution
		SolutionGuid = {0166A203-B7E0-4CB6-96F7-C25007A4E02A}
	EndGlobalSection
EndGlobal
